// !$*UTF8*$!
{
	archiveVersion = 1;
	classes = {
	};
	objectVersion = 46;
	objects = {

/* Begin PBXBuildFile section */
		2680699D1AA73FA300C2F9D1 /* main.m in Sources */ = {isa = PBXBuildFile; fileRef = 2680699C1AA73FA300C2F9D1 /* main.m */; };
		268069A01AA73FA300C2F9D1 /* AppDelegate.m in Sources */ = {isa = PBXBuildFile; fileRef = 2680699F1AA73FA300C2F9D1 /* AppDelegate.m */; };
		268069A31AA73FA300C2F9D1 /* ViewController.m in Sources */ = {isa = PBXBuildFile; fileRef = 268069A21AA73FA300C2F9D1 /* ViewController.m */; };
		268069A61AA73FA300C2F9D1 /* Main.storyboard in Resources */ = {isa = PBXBuildFile; fileRef = 268069A41AA73FA300C2F9D1 /* Main.storyboard */; };
		268069A81AA73FA300C2F9D1 /* Images.xcassets in Resources */ = {isa = PBXBuildFile; fileRef = 268069A71AA73FA300C2F9D1 /* Images.xcassets */; };
		268069AB1AA73FA300C2F9D1 /* LaunchScreen.xib in Resources */ = {isa = PBXBuildFile; fileRef = 268069A91AA73FA300C2F9D1 /* LaunchScreen.xib */; };
		268069B71AA73FA300C2F9D1 /* PM2_5Tests.m in Sources */ = {isa = PBXBuildFile; fileRef = 268069B61AA73FA300C2F9D1 /* PM2_5Tests.m */; };
/* End PBXBuildFile section */

/* Begin PBXContainerItemProxy section */
		268069B11AA73FA300C2F9D1 /* PBXContainerItemProxy */ = {
			isa = PBXContainerItemProxy;
			containerPortal = 2680698F1AA73FA300C2F9D1 /* Project object */;
			proxyType = 1;
			remoteGlobalIDString = 268069961AA73FA300C2F9D1;
			remoteInfo = PM2.5;
		};
/* End PBXContainerItemProxy section */

/* Begin PBXFileReference section */
		268069971AA73FA300C2F9D1 /* PM2.5.app */ = {isa = PBXFileReference; explicitFileType = wrapper.application; includeInIndex = 0; path = PM2.5.app; sourceTree = BUILT_PRODUCTS_DIR; };
		2680699B1AA73FA300C2F9D1 /* Info.plist */ = {isa = PBXFileReference; lastKnownFileType = text.plist.xml; path = Info.plist; sourceTree = "<group>"; };
		2680699C1AA73FA300C2F9D1 /* main.m */ = {isa = PBXFileReference; lastKnownFileType = sourcecode.c.objc; path = main.m; sourceTree = "<group>"; };
		2680699E1AA73FA300C2F9D1 /* AppDelegate.h */ = {isa = PBXFileReference; lastKnownFileType = sourcecode.c.h; path = AppDelegate.h; sourceTree = "<group>"; };
		2680699F1AA73FA300C2F9D1 /* AppDelegate.m */ = {isa = PBXFileReference; lastKnownFileType = sourcecode.c.objc; path = AppDelegate.m; sourceTree = "<group>"; };
		268069A11AA73FA300C2F9D1 /* ViewController.h */ = {isa = PBXFileReference; lastKnownFileType = sourcecode.c.h; path = ViewController.h; sourceTree = "<group>"; };
		268069A21AA73FA300C2F9D1 /* ViewController.m */ = {isa = PBXFileReference; lastKnownFileType = sourcecode.c.objc; path = ViewController.m; sourceTree = "<group>"; };
		268069A51AA73FA300C2F9D1 /* Base */ = {isa = PBXFileReference; lastKnownFileType = file.storyboard; name = Base; path = Base.lproj/Main.storyboard; sourceTree = "<group>"; };
		268069A71AA73FA300C2F9D1 /* Images.xcassets */ = {isa = PBXFileReference; lastKnownFileType = folder.assetcatalog; path = Images.xcassets; sourceTree = "<group>"; };
		268069AA1AA73FA300C2F9D1 /* Base */ = {isa = PBXFileReference; lastKnownFileType = file.xib; name = Base; path = Base.lproj/LaunchScreen.xib; sourceTree = "<group>"; };
		268069B01AA73FA300C2F9D1 /* PM2.5Tests.xctest */ = {isa = PBXFileReference; explicitFileType = wrapper.cfbundle; includeInIndex = 0; path = PM2.5Tests.xctest; sourceTree = BUILT_PRODUCTS_DIR; };
		268069B51AA73FA300C2F9D1 /* Info.plist */ = {isa = PBXFileReference; lastKnownFileType = text.plist.xml; path = Info.plist; sourceTree = "<group>"; };
		268069B61AA73FA300C2F9D1 /* PM2_5Tests.m */ = {isa = PBXFileReference; lastKnownFileType = sourcecode.c.objc; path = PM2_5Tests.m; sourceTree = "<group>"; };
/* End PBXFileReference section */

/* Begin PBXFrameworksBuildPhase section */
		268069941AA73FA300C2F9D1 /* Frameworks */ = {
			isa = PBXFrameworksBuildPhase;
			buildActionMask = 2147483647;
			files = (
			);
			runOnlyForDeploymentPostprocessing = 0;
		};
		268069AD1AA73FA300C2F9D1 /* Frameworks */ = {
			isa = PBXFrameworksBuildPhase;
			buildActionMask = 2147483647;
			files = (
			);
			runOnlyForDeploymentPostprocessing = 0;
		};
/* End PBXFrameworksBuildPhase section */

/* Begin PBXGroup section */
		2680698E1AA73FA300C2F9D1 = {
			isa = PBXGroup;
			children = (
				268069991AA73FA300C2F9D1 /* PM2.5 */,
				268069B31AA73FA300C2F9D1 /* PM2.5Tests */,
				268069981AA73FA300C2F9D1 /* Products */,
			);
			sourceTree = "<group>";
		};
		268069981AA73FA300C2F9D1 /* Products */ = {
			isa = PBXGroup;
			children = (
				268069971AA73FA300C2F9D1 /* PM2.5.app */,
				268069B01AA73FA300C2F9D1 /* PM2.5Tests.xctest */,
			);
			name = Products;
			sourceTree = "<group>";
		};
		268069991AA73FA300C2F9D1 /* PM2.5 */ = {
			isa = PBXGroup;
			children = (
				2680699E1AA73FA300C2F9D1 /* AppDelegate.h */,
				2680699F1AA73FA300C2F9D1 /* AppDelegate.m */,
				268069A11AA73FA300C2F9D1 /* ViewController.h */,
				268069A21AA73FA300C2F9D1 /* ViewController.m */,
				268069A41AA73FA300C2F9D1 /* Main.storyboard */,
				268069A71AA73FA300C2F9D1 /* Images.xcassets */,
				268069A91AA73FA300C2F9D1 /* LaunchScreen.xib */,
				2680699A1AA73FA300C2F9D1 /* Supporting Files */,
			);
			path = PM2.5;
			sourceTree = "<group>";
		};
		2680699A1AA73FA300C2F9D1 /* Supporting Files */ = {
			isa = PBXGroup;
			children = (
				2680699B1AA73FA300C2F9D1 /* Info.plist */,
				2680699C1AA73FA300C2F9D1 /* main.m */,
			);
			name = "Supporting Files";
			sourceTree = "<group>";
		};
		268069B31AA73FA300C2F9D1 /* PM2.5Tests */ = {
			isa = PBXGroup;
			children = (
				268069B61AA73FA300C2F9D1 /* PM2_5Tests.m */,
				268069B41AA73FA300C2F9D1 /* Supporting Files */,
			);
			path = PM2.5Tests;
			sourceTree = "<group>";
		};
		268069B41AA73FA300C2F9D1 /* Supporting Files */ = {
			isa = PBXGroup;
			children = (
				268069B51AA73FA300C2F9D1 /* Info.plist */,
			);
			name = "Supporting Files";
			sourceTree = "<group>";
		};
/* End PBXGroup section */

/* Begin PBXNativeTarget section */
		268069961AA73FA300C2F9D1 /* PM2.5 */ = {
			isa = PBXNativeTarget;
			buildConfigurationList = 268069BA1AA73FA300C2F9D1 /* Build configuration list for PBXNativeTarget "PM2.5" */;
			buildPhases = (
				268069931AA73FA300C2F9D1 /* Sources */,
				268069941AA73FA300C2F9D1 /* Frameworks */,
				268069951AA73FA300C2F9D1 /* Resources */,
			);
			buildRules = (
			);
			dependencies = (
			);
			name = PM2.5;
			productName = PM2.5;
			productReference = 268069971AA73FA300C2F9D1 /* PM2.5.app */;
			productType = "com.apple.product-type.application";
		};
		268069AF1AA73FA300C2F9D1 /* PM2.5Tests */ = {
			isa = PBXNativeTarget;
			buildConfigurationList = 268069BD1AA73FA300C2F9D1 /* Build configuration list for PBXNativeTarget "PM2.5Tests" */;
			buildPhases = (
				268069AC1AA73FA300C2F9D1 /* Sources */,
				268069AD1AA73FA300C2F9D1 /* Frameworks */,
				268069AE1AA73FA300C2F9D1 /* Resources */,
			);
			buildRules = (
			);
			dependencies = (
				268069B21AA73FA300C2F9D1 /* PBXTargetDependency */,
			);
			name = PM2.5Tests;
			productName = PM2.5Tests;
			productReference = 268069B01AA73FA300C2F9D1 /* PM2.5Tests.xctest */;
			productType = "com.apple.product-type.bundle.unit-test";
		};
/* End PBXNativeTarget section */

/* Begin PBXProject section */
		2680698F1AA73FA300C2F9D1 /* Project object */ = {
			isa = PBXProject;
			attributes = {
				LastUpgradeCheck = 0610;
				ORGANIZATIONNAME = weeds;
				TargetAttributes = {
					268069961AA73FA300C2F9D1 = {
						CreatedOnToolsVersion = 6.1;
					};
					268069AF1AA73FA300C2F9D1 = {
						CreatedOnToolsVersion = 6.1;
						TestTargetID = 268069961AA73FA300C2F9D1;
					};
				};
			};
			buildConfigurationList = 268069921AA73FA300C2F9D1 /* Build configuration list for PBXProject "PM2.5" */;
			compatibilityVersion = "Xcode 3.2";
			developmentRegion = English;
			hasScannedForEncodings = 0;
			knownRegions = (
				en,
				Base,
			);
			mainGroup = 2680698E1AA73FA300C2F9D1;
			productRefGroup = 268069981AA73FA300C2F9D1 /* Products */;
			projectDirPath = "";
			projectRoot = "";
			targets = (
				268069961AA73FA300C2F9D1 /* PM2.5 */,
				268069AF1AA73FA300C2F9D1 /* PM2.5Tests */,
			);
		};
/* End PBXProject section */

/* Begin PBXResourcesBuildPhase section */
		268069951AA73FA300C2F9D1 /* Resources */ = {
			isa = PBXResourcesBuildPhase;
			buildActionMask = 2147483647;
			files = (
				268069A61AA73FA300C2F9D1 /* Main.storyboard in Resources */,
				268069AB1AA73FA300C2F9D1 /* LaunchScreen.xib in Resources */,
				268069A81AA73FA300C2F9D1 /* Images.xcassets in Resources */,
			);
			runOnlyForDeploymentPostprocessing = 0;
		};
		268069AE1AA73FA300C2F9D1 /* Resources */ = {
			isa = PBXResourcesBuildPhase;
			buildActionMask = 2147483647;
			files = (
			);
			runOnlyForDeploymentPostprocessing = 0;
		};
/* End PBXResourcesBuildPhase section */

/* Begin PBXSourcesBuildPhase section */
		268069931AA73FA300C2F9D1 /* Sources */ = {
			isa = PBXSourcesBuildPhase;
			buildActionMask = 2147483647;
			files = (
				268069A31AA73FA300C2F9D1 /* ViewController.m in Sources */,
				268069A01AA73FA300C2F9D1 /* AppDelegate.m in Sources */,
				2680699D1AA73FA300C2F9D1 /* main.m in Sources */,
			);
			runOnlyForDeploymentPostprocessing = 0;
		};
		268069AC1AA73FA300C2F9D1 /* Sources */ = {
			isa = PBXSourcesBuildPhase;
			buildActionMask = 2147483647;
			files = (
				268069B71AA73FA300C2F9D1 /* PM2_5Tests.m in Sources */,
			);
			runOnlyForDeploymentPostprocessing = 0;
		};
/* End PBXSourcesBuildPhase section */

/* Begin PBXTargetDependency section */
		268069B21AA73FA300C2F9D1 /* PBXTargetDependency */ = {
			isa = PBXTargetDependency;
			target = 268069961AA73FA300C2F9D1 /* PM2.5 */;
			targetProxy = 268069B11AA73FA300C2F9D1 /* PBXContainerItemProxy */;
		};
/* End PBXTargetDependency section */

/* Begin PBXVariantGroup section */
		268069A41AA73FA300C2F9D1 /* Main.storyboard */ = {
			isa = PBXVariantGroup;
			children = (
				268069A51AA73FA300C2F9D1 /* Base */,
			);
			name = Main.storyboard;
			sourceTree = "<group>";
		};
		268069A91AA73FA300C2F9D1 /* LaunchScreen.xib */ = {
			isa = PBXVariantGroup;
			children = (
				268069AA1AA73FA300C2F9D1 /* Base */,
			);
			name = LaunchScreen.xib;
			sourceTree = "<group>";
		};
/* End PBXVariantGroup section */

/* Begin XCBuildConfiguration section */
		268069B81AA73FA300C2F9D1 /* Debug */ = {
			isa = XCBuildConfiguration;
			buildSettings = {
				ALWAYS_SEARCH_USER_PATHS = NO;
				CLANG_CXX_LANGUAGE_STANDARD = "gnu++0x";
				CLANG_CXX_LIBRARY = "libc++";
				CLANG_ENABLE_MODULES = YES;
				CLANG_ENABLE_OBJC_ARC = YES;
				CLANG_WARN_BOOL_CONVERSION = YES;
				CLANG_WARN_CONSTANT_CONVERSION = YES;
				CLANG_WARN_DIRECT_OBJC_ISA_USAGE = YES_ERROR;
				CLANG_WARN_EMPTY_BODY = YES;
				CLANG_WARN_ENUM_CONVERSION = YES;
				CLANG_WARN_INT_CONVERSION = YES;
				CLANG_WARN_OBJC_ROOT_CLASS = YES_ERROR;
				CLANG_WARN_UNREACHABLE_CODE = YES;
				CLANG_WARN__DUPLICATE_METHOD_MATCH = YES;
				"CODE_SIGN_IDENTITY[sdk=iphoneos*]" = "iPhone Developer";
				COPY_PHASE_STRIP = NO;
				ENABLE_STRICT_OBJC_MSGSEND = YES;
				GCC_C_LANGUAGE_STANDARD = gnu99;
				GCC_DYNAMIC_NO_PIC = NO;
				GCC_OPTIMIZATION_LEVEL = 0;
				GCC_PREPROCESSOR_DEFINITIONS = (
					"DEBUG=1",
					"$(inherited)",
				);
				GCC_SYMBOLS_PRIVATE_EXTERN = NO;
				GCC_WARN_64_TO_32_BIT_CONVERSION = YES;
				GCC_WARN_ABOUT_RETURN_TYPE = YES_ERROR;
				GCC_WARN_UNDECLARED_SELECTOR = YES;
				GCC_WARN_UNINITIALIZED_AUTOS = YES_AGGRESSIVE;
				GCC_WARN_UNUSED_FUNCTION = YES;
				GCC_WARN_UNUSED_VARIABLE = YES;
				IPHONEOS_DEPLOYMENT_TARGET = 8.1;
				MTL_ENABLE_DEBUG_INFO = YES;
				ONLY_ACTIVE_ARCH = YES;
				SDKROOT = iphoneos;
			};
			name = Debug;
		};
		268069B91AA73FA300C2F9D1 /* Release */ = {
			isa = XCBuildConfiguration;
			buildSettings = {
				ALWAYS_SEARCH_USER_PATHS = NO;
				CLANG_CXX_LANGUAGE_STANDARD = "gnu++0x";
				CLANG_CXX_LIBRARY = "libc++";
				CLANG_ENABLE_MODULES = YES;
				CLANG_ENABLE_OBJC_ARC = YES;
				CLANG_WARN_BOOL_CONVERSION = YES;
				CLANG_WARN_CONSTANT_CONVERSION = YES;
				CLANG_WARN_DIRECT_OBJC_ISA_USAGE = YES_ERROR;
				CLANG_WARN_EMPTY_BODY = YES;
				CLANG_WARN_ENUM_CONVERSION = YES;
				CLANG_WARN_INT_CONVERSION = YES;
				CLANG_WARN_OBJC_ROOT_CLASS = YES_ERROR;
				CLANG_WARN_UNREACHABLE_CODE = YES;
				CLANG_WARN__DUPLICATE_METHOD_MATCH = YES;
				"CODE_SIGN_IDENTITY[sdk=iphoneos*]" = "iPhone Developer";
				COPY_PHASE_STRIP = YES;
				ENABLE_NS_ASSERTIONS = NO;
				ENABLE_STRICT_OBJC_MSGSEND = YES;
				GCC_C_LANGUAGE_STANDARD = gnu99;
				GCC_WARN_64_TO_32_BIT_CONVERSION = YES;
				GCC_WARN_ABOUT_RETURN_TYPE = YES_ERROR;
				GCC_WARN_UNDECLARED_SELECTOR = YES;
				GCC_WARN_UNINITIALIZED_AUTOS = YES_AGGRESSIVE;
				GCC_WARN_UNUSED_FUNCTION = YES;
				GCC_WARN_UNUSED_VARIABLE = YES;
				IPHONEOS_DEPLOYMENT_TARGET = 8.1;
				MTL_ENABLE_DEBUG_INFO = NO;
				SDKROOT = iphoneos;
				VALIDATE_PRODUCT = YES;
			};
			name = Release;
		};
		268069BB1AA73FA300C2F9D1 /* Debug */ = {
			isa = XCBuildConfiguration;
			buildSettings = {
				ASSETCATALOG_COMPILER_APPICON_NAME = AppIcon;
				INFOPLIST_FILE = PM2.5/Info.plist;
				LD_RUNPATH_SEARCH_PATHS = "$(inherited) @executable_path/Frameworks";
				PRODUCT_NAME = "$(TARGET_NAME)";
			};
			name = Debug;
		};
		268069BC1AA73FA300C2F9D1 /* Release */ = {
			isa = XCBuildConfiguration;
			buildSettings = {
				ASSETCATALOG_COMPILER_APPICON_NAME = AppIcon;
				INFOPLIST_FILE = PM2.5/Info.plist;
				LD_RUNPATH_SEARCH_PATHS = "$(inherited) @executable_path/Frameworks";
				PRODUCT_NAME = "$(TARGET_NAME)";
			};
			name = Release;
		};
		268069BE1AA73FA300C2F9D1 /* Debug */ = {
			isa = XCBuildConfiguration;
			buildSettings = {
				BUNDLE_LOADER = "$(TEST_HOST)";
				FRAMEWORK_SEARCH_PATHS = (
					"$(SDKROOT)/Developer/Library/Frameworks",
					"$(inherited)",
				);
				GCC_PREPROCESSOR_DEFINITIONS = (
					"DEBUG=1",
					"$(inherited)",
				);
				INFOPLIST_FILE = PM2.5Tests/Info.plist;
				LD_RUNPATH_SEARCH_PATHS = "$(inherited) @executable_path/Frameworks @loader_path/Frameworks";
				PRODUCT_NAME = "$(TARGET_NAME)";
				TEST_HOST = "$(BUILT_PRODUCTS_DIR)/PM2.5.app/PM2.5";
			};
			name = Debug;
		};
		268069BF1AA73FA300C2F9D1 /* Release */ = {
			isa = XCBuildConfiguration;
			buildSettings = {
				BUNDLE_LOADER = "$(TEST_HOST)";
				FRAMEWORK_SEARCH_PATHS = (
					"$(SDKROOT)/Developer/Library/Frameworks",
					"$(inherited)",
				);
				INFOPLIST_FILE = PM2.5Tests/Info.plist;
				LD_RUNPATH_SEARCH_PATHS = "$(inherited) @executable_path/Frameworks @loader_path/Frameworks";
				PRODUCT_NAME = "$(TARGET_NAME)";
				TEST_HOST = "$(BUILT_PRODUCTS_DIR)/PM2.5.app/PM2.5";
			};
			name = Release;
		};
/* End XCBuildConfiguration section */

/* Begin XCConfigurationList section */
		268069921AA73FA300C2F9D1 /* Build configuration list for PBXProject "PM2.5" */ = {
			isa = XCConfigurationList;
			buildConfigurations = (
				268069B81AA73FA300C2F9D1 /* Debug */,
				268069B91AA73FA300C2F9D1 /* Release */,
			);
			defaultConfigurationIsVisible = 0;
			defaultConfigurationName = Release;
		};
		268069BA1AA73FA300C2F9D1 /* Build configuration list for PBXNativeTarget "PM2.5" */ = {
			isa = XCConfigurationList;
			buildConfigurations = (
				268069BB1AA73FA300C2F9D1 /* Debug */,
				268069BC1AA73FA300C2F9D1 /* Release */,
			);
			defaultConfigurationIsVisible = 0;
		};
		268069BD1AA73FA300C2F9D1 /* Build configuration list for PBXNativeTarget "PM2.5Tests" */ = {
			isa = XCConfigurationList;
			buildConfigurations = (
				268069BE1AA73FA300C2F9D1 /* Debug */,
				268069BF1AA73FA300C2F9D1 /* Release */,
			);
			defaultConfigurationIsVisible = 0;
		};
/* End XCConfigurationList section */
	};
	rootObject = 2680698F1AA73FA300C2F9D1 /* Project object */;
}
