// !$*UTF8*$!
{
	archiveVersion = 1;
	classes = {
	};
	objectVersion = 46;
	objects = {

/* Begin PBXBuildFile section */
		2603458D19E3F0EB00A73CBA /* Foundation.framework in Frameworks */ = {isa = PBXBuildFile; fileRef = 2603458C19E3F0EB00A73CBA /* Foundation.framework */; };
		2603458F19E3F0EB00A73CBA /* CoreGraphics.framework in Frameworks */ = {isa = PBXBuildFile; fileRef = 2603458E19E3F0EB00A73CBA /* CoreGraphics.framework */; };
		2603459119E3F0EB00A73CBA /* UIKit.framework in Frameworks */ = {isa = PBXBuildFile; fileRef = 2603459019E3F0EB00A73CBA /* UIKit.framework */; };
		2603459719E3F0EB00A73CBA /* InfoPlist.strings in Resources */ = {isa = PBXBuildFile; fileRef = 2603459519E3F0EB00A73CBA /* InfoPlist.strings */; };
		2603459919E3F0EB00A73CBA /* main.m in Sources */ = {isa = PBXBuildFile; fileRef = 2603459819E3F0EB00A73CBA /* main.m */; };
		2603459D19E3F0EB00A73CBA /* XYZAppDelegate.m in Sources */ = {isa = PBXBuildFile; fileRef = 2603459C19E3F0EB00A73CBA /* XYZAppDelegate.m */; };
		2603459F19E3F0EB00A73CBA /* Images.xcassets in Resources */ = {isa = PBXBuildFile; fileRef = 2603459E19E3F0EB00A73CBA /* Images.xcassets */; };
		260345A619E3F0EC00A73CBA /* XCTest.framework in Frameworks */ = {isa = PBXBuildFile; fileRef = 260345A519E3F0EC00A73CBA /* XCTest.framework */; };
		260345A719E3F0EC00A73CBA /* Foundation.framework in Frameworks */ = {isa = PBXBuildFile; fileRef = 2603458C19E3F0EB00A73CBA /* Foundation.framework */; };
		260345A819E3F0EC00A73CBA /* UIKit.framework in Frameworks */ = {isa = PBXBuildFile; fileRef = 2603459019E3F0EB00A73CBA /* UIKit.framework */; };
		260345B019E3F0EC00A73CBA /* InfoPlist.strings in Resources */ = {isa = PBXBuildFile; fileRef = 260345AE19E3F0EC00A73CBA /* InfoPlist.strings */; };
		260345B219E3F0EC00A73CBA /* XYZTableViewControllerTests.m in Sources */ = {isa = PBXBuildFile; fileRef = 260345B119E3F0EC00A73CBA /* XYZTableViewControllerTests.m */; };
		260345BC19E3F10F00A73CBA /* Main.storyboard in Resources */ = {isa = PBXBuildFile; fileRef = 260345BB19E3F10F00A73CBA /* Main.storyboard */; };
		260345C219E3F2F300A73CBA /* XYZToDoItem.m in Sources */ = {isa = PBXBuildFile; fileRef = 260345C119E3F2F300A73CBA /* XYZToDoItem.m */; };
		260345C819E3F3A400A73CBA /* XYZToDoListTableViewController.m in Sources */ = {isa = PBXBuildFile; fileRef = 260345C719E3F3A400A73CBA /* XYZToDoListTableViewController.m */; };
		260345CB19E57D4700A73CBA /* XYZAddToDoItemViewController.m in Sources */ = {isa = PBXBuildFile; fileRef = 260345CA19E57D4700A73CBA /* XYZAddToDoItemViewController.m */; };
/* End PBXBuildFile section */

/* Begin PBXContainerItemProxy section */
		260345A919E3F0EC00A73CBA /* PBXContainerItemProxy */ = {
			isa = PBXContainerItemProxy;
			containerPortal = 2603458119E3F0EB00A73CBA /* Project object */;
			proxyType = 1;
			remoteGlobalIDString = 2603458819E3F0EB00A73CBA;
			remoteInfo = XYZTableViewController;
		};
/* End PBXContainerItemProxy section */

/* Begin PBXFileReference section */
		2603458919E3F0EB00A73CBA /* XYZTableViewController.app */ = {isa = PBXFileReference; explicitFileType = wrapper.application; includeInIndex = 0; path = XYZTableViewController.app; sourceTree = BUILT_PRODUCTS_DIR; };
		2603458C19E3F0EB00A73CBA /* Foundation.framework */ = {isa = PBXFileReference; lastKnownFileType = wrapper.framework; name = Foundation.framework; path = System/Library/Frameworks/Foundation.framework; sourceTree = SDKROOT; };
		2603458E19E3F0EB00A73CBA /* CoreGraphics.framework */ = {isa = PBXFileReference; lastKnownFileType = wrapper.framework; name = CoreGraphics.framework; path = System/Library/Frameworks/CoreGraphics.framework; sourceTree = SDKROOT; };
		2603459019E3F0EB00A73CBA /* UIKit.framework */ = {isa = PBXFileReference; lastKnownFileType = wrapper.framework; name = UIKit.framework; path = System/Library/Frameworks/UIKit.framework; sourceTree = SDKROOT; };
		2603459419E3F0EB00A73CBA /* XYZTableViewController-Info.plist */ = {isa = PBXFileReference; lastKnownFileType = text.plist.xml; path = "XYZTableViewController-Info.plist"; sourceTree = "<group>"; };
		2603459619E3F0EB00A73CBA /* en */ = {isa = PBXFileReference; lastKnownFileType = text.plist.strings; name = en; path = en.lproj/InfoPlist.strings; sourceTree = "<group>"; };
		2603459819E3F0EB00A73CBA /* main.m */ = {isa = PBXFileReference; lastKnownFileType = sourcecode.c.objc; path = main.m; sourceTree = "<group>"; };
		2603459A19E3F0EB00A73CBA /* XYZTableViewController-Prefix.pch */ = {isa = PBXFileReference; lastKnownFileType = sourcecode.c.h; path = "XYZTableViewController-Prefix.pch"; sourceTree = "<group>"; };
		2603459B19E3F0EB00A73CBA /* XYZAppDelegate.h */ = {isa = PBXFileReference; lastKnownFileType = sourcecode.c.h; path = XYZAppDelegate.h; sourceTree = "<group>"; };
		2603459C19E3F0EB00A73CBA /* XYZAppDelegate.m */ = {isa = PBXFileReference; lastKnownFileType = sourcecode.c.objc; path = XYZAppDelegate.m; sourceTree = "<group>"; };
		2603459E19E3F0EB00A73CBA /* Images.xcassets */ = {isa = PBXFileReference; lastKnownFileType = folder.assetcatalog; path = Images.xcassets; sourceTree = "<group>"; };
		260345A419E3F0EC00A73CBA /* XYZTableViewControllerTests.xctest */ = {isa = PBXFileReference; explicitFileType = wrapper.cfbundle; includeInIndex = 0; path = XYZTableViewControllerTests.xctest; sourceTree = BUILT_PRODUCTS_DIR; };
		260345A519E3F0EC00A73CBA /* XCTest.framework */ = {isa = PBXFileReference; lastKnownFileType = wrapper.framework; name = XCTest.framework; path = Library/Frameworks/XCTest.framework; sourceTree = DEVELOPER_DIR; };
		260345AD19E3F0EC00A73CBA /* XYZTableViewControllerTests-Info.plist */ = {isa = PBXFileReference; lastKnownFileType = text.plist.xml; path = "XYZTableViewControllerTests-Info.plist"; sourceTree = "<group>"; };
		260345AF19E3F0EC00A73CBA /* en */ = {isa = PBXFileReference; lastKnownFileType = text.plist.strings; name = en; path = en.lproj/InfoPlist.strings; sourceTree = "<group>"; };
		260345B119E3F0EC00A73CBA /* XYZTableViewControllerTests.m */ = {isa = PBXFileReference; lastKnownFileType = sourcecode.c.objc; path = XYZTableViewControllerTests.m; sourceTree = "<group>"; };
		260345BB19E3F10F00A73CBA /* Main.storyboard */ = {isa = PBXFileReference; fileEncoding = 4; lastKnownFileType = file.storyboard; name = Main.storyboard; path = ../Main.storyboard; sourceTree = "<group>"; };
		260345C019E3F2F300A73CBA /* XYZToDoItem.h */ = {isa = PBXFileReference; fileEncoding = 4; lastKnownFileType = sourcecode.c.h; path = XYZToDoItem.h; sourceTree = "<group>"; };
		260345C119E3F2F300A73CBA /* XYZToDoItem.m */ = {isa = PBXFileReference; fileEncoding = 4; lastKnownFileType = sourcecode.c.objc; path = XYZToDoItem.m; sourceTree = "<group>"; };
		260345C619E3F3A400A73CBA /* XYZToDoListTableViewController.h */ = {isa = PBXFileReference; fileEncoding = 4; lastKnownFileType = sourcecode.c.h; name = XYZToDoListTableViewController.h; path = ../XYZToDoListTableViewController.h; sourceTree = "<group>"; };
		260345C719E3F3A400A73CBA /* XYZToDoListTableViewController.m */ = {isa = PBXFileReference; fileEncoding = 4; lastKnownFileType = sourcecode.c.objc; name = XYZToDoListTableViewController.m; path = ../XYZToDoListTableViewController.m; sourceTree = "<group>"; };
		260345C919E57D4700A73CBA /* XYZAddToDoItemViewController.h */ = {isa = PBXFileReference; fileEncoding = 4; lastKnownFileType = sourcecode.c.h; name = XYZAddToDoItemViewController.h; path = ../XYZAddToDoItemViewController.h; sourceTree = "<group>"; };
		260345CA19E57D4700A73CBA /* XYZAddToDoItemViewController.m */ = {isa = PBXFileReference; fileEncoding = 4; lastKnownFileType = sourcecode.c.objc; name = XYZAddToDoItemViewController.m; path = ../XYZAddToDoItemViewController.m; sourceTree = "<group>"; };
/* End PBXFileReference section */

/* Begin PBXFrameworksBuildPhase section */
		2603458619E3F0EB00A73CBA /* Frameworks */ = {
			isa = PBXFrameworksBuildPhase;
			buildActionMask = 2147483647;
			files = (
				2603458F19E3F0EB00A73CBA /* CoreGraphics.framework in Frameworks */,
				2603459119E3F0EB00A73CBA /* UIKit.framework in Frameworks */,
				2603458D19E3F0EB00A73CBA /* Foundation.framework in Frameworks */,
			);
			runOnlyForDeploymentPostprocessing = 0;
		};
		260345A119E3F0EC00A73CBA /* Frameworks */ = {
			isa = PBXFrameworksBuildPhase;
			buildActionMask = 2147483647;
			files = (
				260345A619E3F0EC00A73CBA /* XCTest.framework in Frameworks */,
				260345A819E3F0EC00A73CBA /* UIKit.framework in Frameworks */,
				260345A719E3F0EC00A73CBA /* Foundation.framework in Frameworks */,
			);
			runOnlyForDeploymentPostprocessing = 0;
		};
/* End PBXFrameworksBuildPhase section */

/* Begin PBXGroup section */
		2603458019E3F0EB00A73CBA = {
			isa = PBXGroup;
			children = (
				2603459219E3F0EB00A73CBA /* XYZTableViewController */,
				260345AB19E3F0EC00A73CBA /* XYZTableViewControllerTests */,
				2603458B19E3F0EB00A73CBA /* Frameworks */,
				2603458A19E3F0EB00A73CBA /* Products */,
			);
			sourceTree = "<group>";
		};
		2603458A19E3F0EB00A73CBA /* Products */ = {
			isa = PBXGroup;
			children = (
				2603458919E3F0EB00A73CBA /* XYZTableViewController.app */,
				260345A419E3F0EC00A73CBA /* XYZTableViewControllerTests.xctest */,
			);
			name = Products;
			sourceTree = "<group>";
		};
		2603458B19E3F0EB00A73CBA /* Frameworks */ = {
			isa = PBXGroup;
			children = (
				2603458C19E3F0EB00A73CBA /* Foundation.framework */,
				2603458E19E3F0EB00A73CBA /* CoreGraphics.framework */,
				2603459019E3F0EB00A73CBA /* UIKit.framework */,
				260345A519E3F0EC00A73CBA /* XCTest.framework */,
			);
			name = Frameworks;
			sourceTree = "<group>";
		};
		2603459219E3F0EB00A73CBA /* XYZTableViewController */ = {
			isa = PBXGroup;
			children = (
				2603459B19E3F0EB00A73CBA /* XYZAppDelegate.h */,
				260345BB19E3F10F00A73CBA /* Main.storyboard */,
				260345C019E3F2F300A73CBA /* XYZToDoItem.h */,
				260345C919E57D4700A73CBA /* XYZAddToDoItemViewController.h */,
				260345CA19E57D4700A73CBA /* XYZAddToDoItemViewController.m */,
				260345C619E3F3A400A73CBA /* XYZToDoListTableViewController.h */,
				260345C719E3F3A400A73CBA /* XYZToDoListTableViewController.m */,
				260345C119E3F2F300A73CBA /* XYZToDoItem.m */,
				2603459C19E3F0EB00A73CBA /* XYZAppDelegate.m */,
				2603459E19E3F0EB00A73CBA /* Images.xcassets */,
				2603459319E3F0EB00A73CBA /* Supporting Files */,
			);
			path = XYZTableViewController;
			sourceTree = "<group>";
		};
		2603459319E3F0EB00A73CBA /* Supporting Files */ = {
			isa = PBXGroup;
			children = (
				2603459419E3F0EB00A73CBA /* XYZTableViewController-Info.plist */,
				2603459519E3F0EB00A73CBA /* InfoPlist.strings */,
				2603459819E3F0EB00A73CBA /* main.m */,
				2603459A19E3F0EB00A73CBA /* XYZTableViewController-Prefix.pch */,
			);
			name = "Supporting Files";
			sourceTree = "<group>";
		};
		260345AB19E3F0EC00A73CBA /* XYZTableViewControllerTests */ = {
			isa = PBXGroup;
			children = (
				260345B119E3F0EC00A73CBA /* XYZTableViewControllerTests.m */,
				260345AC19E3F0EC00A73CBA /* Supporting Files */,
			);
			path = XYZTableViewControllerTests;
			sourceTree = "<group>";
		};
		260345AC19E3F0EC00A73CBA /* Supporting Files */ = {
			isa = PBXGroup;
			children = (
				260345AD19E3F0EC00A73CBA /* XYZTableViewControllerTests-Info.plist */,
				260345AE19E3F0EC00A73CBA /* InfoPlist.strings */,
			);
			name = "Supporting Files";
			sourceTree = "<group>";
		};
/* End PBXGroup section */

/* Begin PBXNativeTarget section */
		2603458819E3F0EB00A73CBA /* XYZTableViewController */ = {
			isa = PBXNativeTarget;
			buildConfigurationList = 260345B519E3F0EC00A73CBA /* Build configuration list for PBXNativeTarget "XYZTableViewController" */;
			buildPhases = (
				2603458519E3F0EB00A73CBA /* Sources */,
				2603458619E3F0EB00A73CBA /* Frameworks */,
				2603458719E3F0EB00A73CBA /* Resources */,
			);
			buildRules = (
			);
			dependencies = (
			);
			name = XYZTableViewController;
			productName = XYZTableViewController;
			productReference = 2603458919E3F0EB00A73CBA /* XYZTableViewController.app */;
			productType = "com.apple.product-type.application";
		};
		260345A319E3F0EC00A73CBA /* XYZTableViewControllerTests */ = {
			isa = PBXNativeTarget;
			buildConfigurationList = 260345B819E3F0EC00A73CBA /* Build configuration list for PBXNativeTarget "XYZTableViewControllerTests" */;
			buildPhases = (
				260345A019E3F0EC00A73CBA /* Sources */,
				260345A119E3F0EC00A73CBA /* Frameworks */,
				260345A219E3F0EC00A73CBA /* Resources */,
			);
			buildRules = (
			);
			dependencies = (
				260345AA19E3F0EC00A73CBA /* PBXTargetDependency */,
			);
			name = XYZTableViewControllerTests;
			productName = XYZTableViewControllerTests;
			productReference = 260345A419E3F0EC00A73CBA /* XYZTableViewControllerTests.xctest */;
			productType = "com.apple.product-type.bundle.unit-test";
		};
/* End PBXNativeTarget section */

/* Begin PBXProject section */
		2603458119E3F0EB00A73CBA /* Project object */ = {
			isa = PBXProject;
			attributes = {
				CLASSPREFIX = XYZ;
				LastUpgradeCheck = 0510;
				ORGANIZATIONNAME = "___FULLUSERNAME___";
				TargetAttributes = {
					260345A319E3F0EC00A73CBA = {
						TestTargetID = 2603458819E3F0EB00A73CBA;
					};
				};
			};
			buildConfigurationList = 2603458419E3F0EB00A73CBA /* Build configuration list for PBXProject "XYZTableViewController" */;
			compatibilityVersion = "Xcode 3.2";
			developmentRegion = English;
			hasScannedForEncodings = 0;
			knownRegions = (
				en,
			);
			mainGroup = 2603458019E3F0EB00A73CBA;
			productRefGroup = 2603458A19E3F0EB00A73CBA /* Products */;
			projectDirPath = "";
			projectRoot = "";
			targets = (
				2603458819E3F0EB00A73CBA /* XYZTableViewController */,
				260345A319E3F0EC00A73CBA /* XYZTableViewControllerTests */,
			);
		};
/* End PBXProject section */

/* Begin PBXResourcesBuildPhase section */
		2603458719E3F0EB00A73CBA /* Resources */ = {
			isa = PBXResourcesBuildPhase;
			buildActionMask = 2147483647;
			files = (
				260345BC19E3F10F00A73CBA /* Main.storyboard in Resources */,
				2603459719E3F0EB00A73CBA /* InfoPlist.strings in Resources */,
				2603459F19E3F0EB00A73CBA /* Images.xcassets in Resources */,
			);
			runOnlyForDeploymentPostprocessing = 0;
		};
		260345A219E3F0EC00A73CBA /* Resources */ = {
			isa = PBXResourcesBuildPhase;
			buildActionMask = 2147483647;
			files = (
				260345B019E3F0EC00A73CBA /* InfoPlist.strings in Resources */,
			);
			runOnlyForDeploymentPostprocessing = 0;
		};
/* End PBXResourcesBuildPhase section */

/* Begin PBXSourcesBuildPhase section */
		2603458519E3F0EB00A73CBA /* Sources */ = {
			isa = PBXSourcesBuildPhase;
			buildActionMask = 2147483647;
			files = (
				260345CB19E57D4700A73CBA /* XYZAddToDoItemViewController.m in Sources */,
				260345C219E3F2F300A73CBA /* XYZToDoItem.m in Sources */,
				2603459D19E3F0EB00A73CBA /* XYZAppDelegate.m in Sources */,
				260345C819E3F3A400A73CBA /* XYZToDoListTableViewController.m in Sources */,
				2603459919E3F0EB00A73CBA /* main.m in Sources */,
			);
			runOnlyForDeploymentPostprocessing = 0;
		};
		260345A019E3F0EC00A73CBA /* Sources */ = {
			isa = PBXSourcesBuildPhase;
			buildActionMask = 2147483647;
			files = (
				260345B219E3F0EC00A73CBA /* XYZTableViewControllerTests.m in Sources */,
			);
			runOnlyForDeploymentPostprocessing = 0;
		};
/* End PBXSourcesBuildPhase section */

/* Begin PBXTargetDependency section */
		260345AA19E3F0EC00A73CBA /* PBXTargetDependency */ = {
			isa = PBXTargetDependency;
			target = 2603458819E3F0EB00A73CBA /* XYZTableViewController */;
			targetProxy = 260345A919E3F0EC00A73CBA /* PBXContainerItemProxy */;
		};
/* End PBXTargetDependency section */

/* Begin PBXVariantGroup section */
		2603459519E3F0EB00A73CBA /* InfoPlist.strings */ = {
			isa = PBXVariantGroup;
			children = (
				2603459619E3F0EB00A73CBA /* en */,
			);
			name = InfoPlist.strings;
			sourceTree = "<group>";
		};
		260345AE19E3F0EC00A73CBA /* InfoPlist.strings */ = {
			isa = PBXVariantGroup;
			children = (
				260345AF19E3F0EC00A73CBA /* en */,
			);
			name = InfoPlist.strings;
			sourceTree = "<group>";
		};
/* End PBXVariantGroup section */

/* Begin XCBuildConfiguration section */
		260345B319E3F0EC00A73CBA /* Debug */ = {
			isa = XCBuildConfiguration;
			buildSettings = {
				ALWAYS_SEARCH_USER_PATHS = NO;
				CLANG_CXX_LANGUAGE_STANDARD = "gnu++0x";
				CLANG_CXX_LIBRARY = "libc++";
				CLANG_ENABLE_MODULES = YES;
				CLANG_ENABLE_OBJC_ARC = YES;
				CLANG_WARN_BOOL_CONVERSION = YES;
				CLANG_WARN_CONSTANT_CONVERSION = YES;
				CLANG_WARN_DIRECT_OBJC_ISA_USAGE = YES_ERROR;
				CLANG_WARN_EMPTY_BODY = YES;
				CLANG_WARN_ENUM_CONVERSION = YES;
				CLANG_WARN_INT_CONVERSION = YES;
				CLANG_WARN_OBJC_ROOT_CLASS = YES_ERROR;
				CLANG_WARN__DUPLICATE_METHOD_MATCH = YES;
				"CODE_SIGN_IDENTITY[sdk=iphoneos*]" = "iPhone Developer";
				COPY_PHASE_STRIP = NO;
				GCC_C_LANGUAGE_STANDARD = gnu99;
				GCC_DYNAMIC_NO_PIC = NO;
				GCC_OPTIMIZATION_LEVEL = 0;
				GCC_PREPROCESSOR_DEFINITIONS = (
					"DEBUG=1",
					"$(inherited)",
				);
				GCC_SYMBOLS_PRIVATE_EXTERN = NO;
				GCC_WARN_64_TO_32_BIT_CONVERSION = YES;
				GCC_WARN_ABOUT_RETURN_TYPE = YES_ERROR;
				GCC_WARN_UNDECLARED_SELECTOR = YES;
				GCC_WARN_UNINITIALIZED_AUTOS = YES_AGGRESSIVE;
				GCC_WARN_UNUSED_FUNCTION = YES;
				GCC_WARN_UNUSED_VARIABLE = YES;
				IPHONEOS_DEPLOYMENT_TARGET = 7.1;
				ONLY_ACTIVE_ARCH = YES;
				SDKROOT = iphoneos;
			};
			name = Debug;
		};
		260345B419E3F0EC00A73CBA /* Release */ = {
			isa = XCBuildConfiguration;
			buildSettings = {
				ALWAYS_SEARCH_USER_PATHS = NO;
				CLANG_CXX_LANGUAGE_STANDARD = "gnu++0x";
				CLANG_CXX_LIBRARY = "libc++";
				CLANG_ENABLE_MODULES = YES;
				CLANG_ENABLE_OBJC_ARC = YES;
				CLANG_WARN_BOOL_CONVERSION = YES;
				CLANG_WARN_CONSTANT_CONVERSION = YES;
				CLANG_WARN_DIRECT_OBJC_ISA_USAGE = YES_ERROR;
				CLANG_WARN_EMPTY_BODY = YES;
				CLANG_WARN_ENUM_CONVERSION = YES;
				CLANG_WARN_INT_CONVERSION = YES;
				CLANG_WARN_OBJC_ROOT_CLASS = YES_ERROR;
				CLANG_WARN__DUPLICATE_METHOD_MATCH = YES;
				"CODE_SIGN_IDENTITY[sdk=iphoneos*]" = "iPhone Developer";
				COPY_PHASE_STRIP = YES;
				ENABLE_NS_ASSERTIONS = NO;
				GCC_C_LANGUAGE_STANDARD = gnu99;
				GCC_WARN_64_TO_32_BIT_CONVERSION = YES;
				GCC_WARN_ABOUT_RETURN_TYPE = YES_ERROR;
				GCC_WARN_UNDECLARED_SELECTOR = YES;
				GCC_WARN_UNINITIALIZED_AUTOS = YES_AGGRESSIVE;
				GCC_WARN_UNUSED_FUNCTION = YES;
				GCC_WARN_UNUSED_VARIABLE = YES;
				IPHONEOS_DEPLOYMENT_TARGET = 7.1;
				SDKROOT = iphoneos;
				VALIDATE_PRODUCT = YES;
			};
			name = Release;
		};
		260345B619E3F0EC00A73CBA /* Debug */ = {
			isa = XCBuildConfiguration;
			buildSettings = {
				ASSETCATALOG_COMPILER_APPICON_NAME = AppIcon;
				ASSETCATALOG_COMPILER_LAUNCHIMAGE_NAME = LaunchImage;
				CODE_SIGN_IDENTITY = "iPhone Developer";
				GCC_PRECOMPILE_PREFIX_HEADER = YES;
				GCC_PREFIX_HEADER = "XYZTableViewController/XYZTableViewController-Prefix.pch";
				INFOPLIST_FILE = "XYZTableViewController/XYZTableViewController-Info.plist";
				PRODUCT_NAME = "$(TARGET_NAME)";
				WRAPPER_EXTENSION = app;
			};
			name = Debug;
		};
		260345B719E3F0EC00A73CBA /* Release */ = {
			isa = XCBuildConfiguration;
			buildSettings = {
				ASSETCATALOG_COMPILER_APPICON_NAME = AppIcon;
				ASSETCATALOG_COMPILER_LAUNCHIMAGE_NAME = LaunchImage;
				CODE_SIGN_IDENTITY = "iPhone Developer";
				GCC_PRECOMPILE_PREFIX_HEADER = YES;
				GCC_PREFIX_HEADER = "XYZTableViewController/XYZTableViewController-Prefix.pch";
				INFOPLIST_FILE = "XYZTableViewController/XYZTableViewController-Info.plist";
				PRODUCT_NAME = "$(TARGET_NAME)";
				WRAPPER_EXTENSION = app;
			};
			name = Release;
		};
		260345B919E3F0EC00A73CBA /* Debug */ = {
			isa = XCBuildConfiguration;
			buildSettings = {
				BUNDLE_LOADER = "$(BUILT_PRODUCTS_DIR)/XYZTableViewController.app/XYZTableViewController";
				FRAMEWORK_SEARCH_PATHS = (
					"$(SDKROOT)/Developer/Library/Frameworks",
					"$(inherited)",
					"$(DEVELOPER_FRAMEWORKS_DIR)",
				);
				GCC_PRECOMPILE_PREFIX_HEADER = YES;
				GCC_PREFIX_HEADER = "XYZTableViewController/XYZTableViewController-Prefix.pch";
				GCC_PREPROCESSOR_DEFINITIONS = (
					"DEBUG=1",
					"$(inherited)",
				);
				INFOPLIST_FILE = "XYZTableViewControllerTests/XYZTableViewControllerTests-Info.plist";
				PRODUCT_NAME = "$(TARGET_NAME)";
				TEST_HOST = "$(BUNDLE_LOADER)";
				WRAPPER_EXTENSION = xctest;
			};
			name = Debug;
		};
		260345BA19E3F0EC00A73CBA /* Release */ = {
			isa = XCBuildConfiguration;
			buildSettings = {
				BUNDLE_LOADER = "$(BUILT_PRODUCTS_DIR)/XYZTableViewController.app/XYZTableViewController";
				FRAMEWORK_SEARCH_PATHS = (
					"$(SDKROOT)/Developer/Library/Frameworks",
					"$(inherited)",
					"$(DEVELOPER_FRAMEWORKS_DIR)",
				);
				GCC_PRECOMPILE_PREFIX_HEADER = YES;
				GCC_PREFIX_HEADER = "XYZTableViewController/XYZTableViewController-Prefix.pch";
				INFOPLIST_FILE = "XYZTableViewControllerTests/XYZTableViewControllerTests-Info.plist";
				PRODUCT_NAME = "$(TARGET_NAME)";
				TEST_HOST = "$(BUNDLE_LOADER)";
				WRAPPER_EXTENSION = xctest;
			};
			name = Release;
		};
/* End XCBuildConfiguration section */

/* Begin XCConfigurationList section */
		2603458419E3F0EB00A73CBA /* Build configuration list for PBXProject "XYZTableViewController" */ = {
			isa = XCConfigurationList;
			buildConfigurations = (
				260345B319E3F0EC00A73CBA /* Debug */,
				260345B419E3F0EC00A73CBA /* Release */,
			);
			defaultConfigurationIsVisible = 0;
			defaultConfigurationName = Release;
		};
		260345B519E3F0EC00A73CBA /* Build configuration list for PBXNativeTarget "XYZTableViewController" */ = {
			isa = XCConfigurationList;
			buildConfigurations = (
				260345B619E3F0EC00A73CBA /* Debug */,
				260345B719E3F0EC00A73CBA /* Release */,
			);
			defaultConfigurationIsVisible = 0;
			defaultConfigurationName = Release;
		};
		260345B819E3F0EC00A73CBA /* Build configuration list for PBXNativeTarget "XYZTableViewControllerTests" */ = {
			isa = XCConfigurationList;
			buildConfigurations = (
				260345B919E3F0EC00A73CBA /* Debug */,
				260345BA19E3F0EC00A73CBA /* Release */,
			);
			defaultConfigurationIsVisible = 0;
			defaultConfigurationName = Release;
		};
/* End XCConfigurationList section */
	};
	rootObject = 2603458119E3F0EB00A73CBA /* Project object */;
}
